{
	"name": "@dapp-cli/utils",
	"version": "0.0.1",
	"lockfileVersion": 1,
	"requires": true,
	"dependencies": {
		"cli-spinner": {
			"version": "0.2.10",
			"resolved": "https://registry.npmjs.org/cli-spinner/-/cli-spinner-0.2.10.tgz",
			"integrity": "sha512-U0sSQ+JJvSLi1pAYuJykwiA8Dsr15uHEy85iCJ6A+0DjVxivr3d+N2Wjvodeg89uP5K6TswFkKBfAD7B3YSn/Q=="
		}
	}
}
